// !$*UTF8*$!
{
	archiveVersion = 1;
	classes = {
	};
	objectVersion = 77;
	objects = {

/* Begin PBXBuildFile section */
		10B076C4CBD5237ECB6B305D /* DefaultAnalyzeEmotionUseCaseTests.swift in Sources */ = {isa = PBXBuildFile; fileRef = C6E353FF7D86EAC9E125F484 /* DefaultAnalyzeEmotionUseCaseTests.swift */; };
		16FD4F6D002D9911BCDA46DD /* GAMSSTests.swift in Sources */ = {isa = PBXBuildFile; fileRef = 7674D757C326ABEDB6302AA6 /* GAMSSTests.swift */; };
		24EED49AAB4C574B02E9C077 /* EmotionTests.swift in Sources */ = {isa = PBXBuildFile; fileRef = CEB4219C48B0B2A51FA9457C /* EmotionTests.swift */; };
		26A84A0255BB5BB7139414C5 /* Tokenizers in Frameworks */ = {isa = PBXBuildFile; productRef = 4F92A4F86371ED0E8E85D78F /* Tokenizers */; };
		70248D85300794C800857369 /* FirebaseCrashlytics in Frameworks */ = {isa = PBXBuildFile; productRef = 70248D84300794C800857369 /* FirebaseCrashlytics */; };
		70248DCD300D429100857369 /* FirebaseAuth in Frameworks */ = {isa = PBXBuildFile; productRef = 70248DCC300D429100857369 /* FirebaseAuth */; };
		8F4E518B79C7B76223B098BA /* Tokenizers in Frameworks */ = {isa = PBXBuildFile; productRef = 8E8487F478AF703D394C5EB6 /* Tokenizers */; };
		B32ACCF04698A89364EDDECE /* Foundation.framework in Frameworks */ = {isa = PBXBuildFile; fileRef = 316EA002FAC5D3328796EF90 /* Foundation.framework */; };
/* End PBXBuildFile section */

/* Begin PBXContainerItemProxy section */
		424D7ADC07675A052A1CD8C2 /* PBXContainerItemProxy */ = {
			isa = PBXContainerItemProxy;
			containerPortal = 708F57EB3003C651008DF433 /* Project object */;
			proxyType = 1;
			remoteGlobalIDString = 708F57F23003C651008DF433;
			remoteInfo = GAMSS;
		};
/* End PBXContainerItemProxy section */

/* Begin PBXFileReference section */
		316EA002FAC5D3328796EF90 /* Foundation.framework */ = {isa = PBXFileReference; lastKnownFileType = wrapper.framework; name = Foundation.framework; path = Platforms/iPhoneOS.platform/Developer/SDKs/iPhoneOS18.0.sdk/System/Library/Frameworks/Foundation.framework; sourceTree = DEVELOPER_DIR; };
		5B4F594F8D1059D3DF30DE92 /* GAMSSTests.xctest */ = {isa = PBXFileReference; explicitFileType = wrapper.cfbundle; includeInIndex = 0; path = GAMSSTests.xctest; sourceTree = BUILT_PRODUCTS_DIR; };
		708F57F33003C651008DF433 /* GAMSS.app */ = {isa = PBXFileReference; explicitFileType = wrapper.application; includeInIndex = 0; path = GAMSS.app; sourceTree = BUILT_PRODUCTS_DIR; };
		7674D757C326ABEDB6302AA6 /* GAMSSTests.swift */ = {isa = PBXFileReference; includeInIndex = 1; lastKnownFileType = sourcecode.swift; path = GAMSSTests.swift; sourceTree = "<group>"; };
		C6E353FF7D86EAC9E125F484 /* DefaultAnalyzeEmotionUseCaseTests.swift */ = {isa = PBXFileReference; includeInIndex = 1; lastKnownFileType = sourcecode.swift; path = DefaultAnalyzeEmotionUseCaseTests.swift; sourceTree = "<group>"; };
		CEB4219C48B0B2A51FA9457C /* EmotionTests.swift */ = {isa = PBXFileReference; includeInIndex = 1; lastKnownFileType = sourcecode.swift; path = EmotionTests.swift; sourceTree = "<group>"; };
/* End PBXFileReference section */

/* Begin PBXFileSystemSynchronizedBuildFileExceptionSet section */
		70248DBC300BFDEA00857369 /* Exceptions for "GAMSS" folder in "GAMSS" target */ = {
			isa = PBXFileSystemSynchronizedBuildFileExceptionSet;
			membershipExceptions = (
				Info.plist,
			);
			target = 708F57F23003C651008DF433 /* GAMSS */;
		};
/* End PBXFileSystemSynchronizedBuildFileExceptionSet section */

/* Begin PBXFileSystemSynchronizedRootGroup section */
		708F57F53003C651008DF433 /* GAMSS */ = {
			isa = PBXFileSystemSynchronizedRootGroup;
			exceptions = (
				70248DBC300BFDEA00857369 /* Exceptions for "GAMSS" folder in "GAMSS" target */,
			);
			path = GAMSS;
			sourceTree = "<group>";
		};
/* End PBXFileSystemSynchronizedRootGroup section */

/* Begin PBXFrameworksBuildPhase section */
		2B86EF9DA3E10D62075F2B31 /* Frameworks */ = {
			isa = PBXFrameworksBuildPhase;
			buildActionMask = 2147483647;
			files = (
				B32ACCF04698A89364EDDECE /* Foundation.framework in Frameworks */,
				8F4E518B79C7B76223B098BA /* Tokenizers in Frameworks */,
			);
			runOnlyForDeploymentPostprocessing = 0;
		};
		708F57F03003C651008DF433 /* Frameworks */ = {
			isa = PBXFrameworksBuildPhase;
			buildActionMask = 2147483647;
			files = (
				70248D85300794C800857369 /* FirebaseCrashlytics in Frameworks */,
				70248DCD300D429100857369 /* FirebaseAuth in Frameworks */,
				26A84A0255BB5BB7139414C5 /* Tokenizers in Frameworks */,
			);
			runOnlyForDeploymentPostprocessing = 0;
		};
/* End PBXFrameworksBuildPhase section */

/* Begin PBXGroup section */
		26D7D48BE358528B948582FD /* GAMSSTests */ = {
			isa = PBXGroup;
			children = (
				7674D757C326ABEDB6302AA6 /* GAMSSTests.swift */,
				EFFEB6B04B94488D8B385CA9 /* Domain */,
			);
			path = GAMSSTests;
			sourceTree = "<group>";
		};
		314DAF5013EE9BEFD1FC9A6B /* UseCase */ = {
			isa = PBXGroup;
			children = (
				C6E353FF7D86EAC9E125F484 /* DefaultAnalyzeEmotionUseCaseTests.swift */,
			);
			name = UseCase;
			path = UseCase;
			sourceTree = "<group>";
		};
		708F57EA3003C651008DF433 = {
			isa = PBXGroup;
			children = (
				708F57F53003C651008DF433 /* GAMSS */,
				708F57F43003C651008DF433 /* Products */,
				AB3A61B1A4856A2545D527E7 /* Frameworks */,
				26D7D48BE358528B948582FD /* GAMSSTests */,
			);
			sourceTree = "<group>";
		};
		708F57F43003C651008DF433 /* Products */ = {
			isa = PBXGroup;
			children = (
				708F57F33003C651008DF433 /* GAMSS.app */,
				5B4F594F8D1059D3DF30DE92 /* GAMSSTests.xctest */,
			);
			name = Products;
			sourceTree = "<group>";
		};
		AB3A61B1A4856A2545D527E7 /* Frameworks */ = {
			isa = PBXGroup;
			children = (
				E70DADCC4AFBBF2F51563C31 /* iOS */,
			);
			name = Frameworks;
			sourceTree = "<group>";
		};
		DC46D39DE9FC00DCA99B4FFD /* Entity */ = {
			isa = PBXGroup;
			children = (
				CEB4219C48B0B2A51FA9457C /* EmotionTests.swift */,
			);
			path = Entity;
			sourceTree = "<group>";
		};
		E70DADCC4AFBBF2F51563C31 /* iOS */ = {
			isa = PBXGroup;
			children = (
				316EA002FAC5D3328796EF90 /* Foundation.framework */,
			);
			name = iOS;
			sourceTree = "<group>";
		};
		EFFEB6B04B94488D8B385CA9 /* Domain */ = {
			isa = PBXGroup;
			children = (
				DC46D39DE9FC00DCA99B4FFD /* Entity */,
				314DAF5013EE9BEFD1FC9A6B /* UseCase */,
			);
			path = Domain;
			sourceTree = "<group>";
		};
/* End PBXGroup section */

/* Begin PBXNativeTarget section */
		708F57F23003C651008DF433 /* GAMSS */ = {
			isa = PBXNativeTarget;
			buildConfigurationList = 708F57FE3003C653008DF433 /* Build configuration list for PBXNativeTarget "GAMSS" */;
			buildPhases = (
				708F57EF3003C651008DF433 /* Sources */,
				708F57F03003C651008DF433 /* Frameworks */,
				708F57F13003C651008DF433 /* Resources */,
				70248D8830094BE000857369 /* ShellScript */,
			);
			buildRules = (
			);
			dependencies = (
			);
			fileSystemSynchronizedGroups = (
				708F57F53003C651008DF433 /* GAMSS */,
			);
			name = GAMSS;
			packageProductDependencies = (
				70248D84300794C800857369 /* FirebaseCrashlytics */,
				70248DCC300D429100857369 /* FirebaseAuth */,
				4F92A4F86371ED0E8E85D78F /* Tokenizers */,
			);
			productName = GAMSS;
			productReference = 708F57F33003C651008DF433 /* GAMSS.app */;
			productType = "com.apple.product-type.application";
		};
		B597DF103CB9CB5340EDE673 /* GAMSSTests */ = {
			isa = PBXNativeTarget;
			buildConfigurationList = 559AE3680766F85989277C9D /* Build configuration list for PBXNativeTarget "GAMSSTests" */;
			buildPhases = (
				77502DB6DB316C20BD2EBF7C /* Sources */,
				2B86EF9DA3E10D62075F2B31 /* Frameworks */,
				F038DD8C7598ACB88347B63D /* Resources */,
			);
			buildRules = (
			);
			dependencies = (
				43DF82701E2030B30DAB9EBF /* PBXTargetDependency */,
			);
			name = GAMSSTests;
			packageProductDependencies = (
				8E8487F478AF703D394C5EB6 /* Tokenizers */,
			);
			productName = GAMSSTests;
			productReference = 5B4F594F8D1059D3DF30DE92 /* GAMSSTests.xctest */;
			productType = "com.apple.product-type.bundle.unit-test";
		};
/* End PBXNativeTarget section */

/* Begin PBXProject section */
		708F57EB3003C651008DF433 /* Project object */ = {
			isa = PBXProject;
			attributes = {
				BuildIndependentTargetsInParallel = 1;
				LastSwiftUpdateCheck = 2610;
				LastUpgradeCheck = 2610;
				TargetAttributes = {
					708F57F23003C651008DF433 = {
						CreatedOnToolsVersion = 26.1.1;
					};
				};
			};
			buildConfigurationList = 708F57EE3003C651008DF433 /* Build configuration list for PBXProject "GAMSS" */;
			developmentRegion = en;
			hasScannedForEncodings = 0;
			knownRegions = (
				en,
				Base,
			);
			mainGroup = 708F57EA3003C651008DF433;
			minimizedProjectReferenceProxies = 1;
			packageReferences = (
				70248D83300794C800857369 /* XCRemoteSwiftPackageReference "firebase-ios-sdk" */,
				1D962D6FF84B1C7ED5A40445 /* XCRemoteSwiftPackageReference "swift-transformers" */,
			);
			preferredProjectObjectVersion = 77;
			productRefGroup = 708F57F43003C651008DF433 /* Products */;
			projectDirPath = "";
			projectRoot = "";
			targets = (
				708F57F23003C651008DF433 /* GAMSS */,
				B597DF103CB9CB5340EDE673 /* GAMSSTests */,
			);
		};
/* End PBXProject section */

/* Begin PBXResourcesBuildPhase section */
		708F57F13003C651008DF433 /* Resources */ = {
			isa = PBXResourcesBuildPhase;
			buildActionMask = 2147483647;
			files = (
			);
			runOnlyForDeploymentPostprocessing = 0;
		};
		F038DD8C7598ACB88347B63D /* Resources */ = {
			isa = PBXResourcesBuildPhase;
			buildActionMask = 2147483647;
			files = (
			);
			runOnlyForDeploymentPostprocessing = 0;
		};
/* End PBXResourcesBuildPhase section */

/* Begin PBXShellScriptBuildPhase section */
		70248D8830094BE000857369 /* ShellScript */ = {
			isa = PBXShellScriptBuildPhase;
			buildActionMask = 2147483647;
			files = (
			);
			inputFileListPaths = (
			);
			inputPaths = (
				"${DWARF_DSYM_FOLDER_PATH}/${DWARF_DSYM_FILE_NAME}",
				"${DWARF_DSYM_FOLDER_PATH}/${DWARF_DSYM_FILE_NAME}/Contents/Resources/DWARF/${PRODUCT_NAME}",
				"${DWARF_DSYM_FOLDER_PATH}/${DWARF_DSYM_FILE_NAME}/Contents/Info.plist",
				"$(TARGET_BUILD_DIR)/$(UNLOCALIZED_RESOURCES_FOLDER_PATH)/GoogleService-Info.plist",
				"$(TARGET_BUILD_DIR)/$(EXECUTABLE_PATH)",
				"${DWARF_DSYM_FOLDER_PATH}/${DWARF_DSYM_FILE_NAME}/Contents/Resources/DWARF/${PRODUCT_NAME}.debug.dylib",
			);
			outputFileListPaths = (
			);
			outputPaths = (
			);
			runOnlyForDeploymentPostprocessing = 0;
			shellPath = /bin/sh;
			shellScript = "\"${BUILD_DIR%/Build/*}/SourcePackages/checkouts/firebase-ios-sdk/Crashlytics/run\"\n";
		};
/* End PBXShellScriptBuildPhase section */

/* Begin PBXSourcesBuildPhase section */
		708F57EF3003C651008DF433 /* Sources */ = {
			isa = PBXSourcesBuildPhase;
			buildActionMask = 2147483647;
			files = (
			);
			runOnlyForDeploymentPostprocessing = 0;
		};
		77502DB6DB316C20BD2EBF7C /* Sources */ = {
			isa = PBXSourcesBuildPhase;
			buildActionMask = 2147483647;
			files = (
				16FD4F6D002D9911BCDA46DD /* GAMSSTests.swift in Sources */,
				24EED49AAB4C574B02E9C077 /* EmotionTests.swift in Sources */,
				10B076C4CBD5237ECB6B305D /* DefaultAnalyzeEmotionUseCaseTests.swift in Sources */,
			);
			runOnlyForDeploymentPostprocessing = 0;
		};
/* End PBXSourcesBuildPhase section */

/* Begin PBXTargetDependency section */
		43DF82701E2030B30DAB9EBF /* PBXTargetDependency */ = {
			isa = PBXTargetDependency;
			name = GAMSS;
			target = 708F57F23003C651008DF433 /* GAMSS */;
			targetProxy = 424D7ADC07675A052A1CD8C2 /* PBXContainerItemProxy */;
		};
/* End PBXTargetDependency section */

/* Begin XCBuildConfiguration section */
		708F57FC3003C653008DF433 /* Debug */ = {
			isa = XCBuildConfiguration;
			buildSettings = {
				ALWAYS_SEARCH_USER_PATHS = NO;
				ASSETCATALOG_COMPILER_GENERATE_SWIFT_ASSET_SYMBOL_EXTENSIONS = YES;
				CLANG_ANALYZER_NONNULL = YES;
				CLANG_ANALYZER_NUMBER_OBJECT_CONVERSION = YES_AGGRESSIVE;
				CLANG_CXX_LANGUAGE_STANDARD = "gnu++20";
				CLANG_ENABLE_MODULES = YES;
				CLANG_ENABLE_OBJC_ARC = YES;
				CLANG_ENABLE_OBJC_WEAK = YES;
				CLANG_WARN_BLOCK_CAPTURE_AUTORELEASING = YES;
				CLANG_WARN_BOOL_CONVERSION = YES;
				CLANG_WARN_COMMA = YES;
				CLANG_WARN_CONSTANT_CONVERSION = YES;
				CLANG_WARN_DEPRECATED_OBJC_IMPLEMENTATIONS = YES;
				CLANG_WARN_DIRECT_OBJC_ISA_USAGE = YES_ERROR;
				CLANG_WARN_DOCUMENTATION_COMMENTS = YES;
				CLANG_WARN_EMPTY_BODY = YES;
				CLANG_WARN_ENUM_CONVERSION = YES;
				CLANG_WARN_INFINITE_RECURSION = YES;
				CLANG_WARN_INT_CONVERSION = YES;
				CLANG_WARN_NON_LITERAL_NULL_CONVERSION = YES;
				CLANG_WARN_OBJC_IMPLICIT_RETAIN_SELF = YES;
				CLANG_WARN_OBJC_LITERAL_CONVERSION = YES;
				CLANG_WARN_OBJC_ROOT_CLASS = YES_ERROR;
				CLANG_WARN_QUOTED_INCLUDE_IN_FRAMEWORK_HEADER = YES;
				CLANG_WARN_RANGE_LOOP_ANALYSIS = YES;
				CLANG_WARN_STRICT_PROTOTYPES = YES;
				CLANG_WARN_SUSPICIOUS_MOVE = YES;
				CLANG_WARN_UNGUARDED_AVAILABILITY = YES_AGGRESSIVE;
				CLANG_WARN_UNREACHABLE_CODE = YES;
				CLANG_WARN__DUPLICATE_METHOD_MATCH = YES;
				COPY_PHASE_STRIP = NO;
				DEBUG_INFORMATION_FORMAT = "dwarf-with-dsym";
				ENABLE_STRICT_OBJC_MSGSEND = YES;
				ENABLE_TESTABILITY = YES;
				ENABLE_USER_SCRIPT_SANDBOXING = YES;
				GCC_C_LANGUAGE_STANDARD = gnu17;
				GCC_DYNAMIC_NO_PIC = NO;
				GCC_NO_COMMON_BLOCKS = YES;
				GCC_OPTIMIZATION_LEVEL = 0;
				GCC_PREPROCESSOR_DEFINITIONS = (
					"DEBUG=1",
					"$(inherited)",
				);
				GCC_WARN_64_TO_32_BIT_CONVERSION = YES;
				GCC_WARN_ABOUT_RETURN_TYPE = YES_ERROR;
				GCC_WARN_UNDECLARED_SELECTOR = YES;
				GCC_WARN_UNINITIALIZED_AUTOS = YES_AGGRESSIVE;
				GCC_WARN_UNUSED_FUNCTION = YES;
				GCC_WARN_UNUSED_VARIABLE = YES;
				IPHONEOS_DEPLOYMENT_TARGET = 26.1;
				LOCALIZATION_PREFERS_STRING_CATALOGS = YES;
				MTL_ENABLE_DEBUG_INFO = INCLUDE_SOURCE;
				MTL_FAST_MATH = YES;
				ONLY_ACTIVE_ARCH = YES;
				SDKROOT = iphoneos;
				SWIFT_ACTIVE_COMPILATION_CONDITIONS = "DEBUG $(inherited)";
				SWIFT_OPTIMIZATION_LEVEL = "-Onone";
			};
			name = Debug;
		};
		708F57FD3003C653008DF433 /* Release */ = {
			isa = XCBuildConfiguration;
			buildSettings = {
				ALWAYS_SEARCH_USER_PATHS = NO;
				ASSETCATALOG_COMPILER_GENERATE_SWIFT_ASSET_SYMBOL_EXTENSIONS = YES;
				CLANG_ANALYZER_NONNULL = YES;
				CLANG_ANALYZER_NUMBER_OBJECT_CONVERSION = YES_AGGRESSIVE;
				CLANG_CXX_LANGUAGE_STANDARD = "gnu++20";
				CLANG_ENABLE_MODULES = YES;
				CLANG_ENABLE_OBJC_ARC = YES;
				CLANG_ENABLE_OBJC_WEAK = YES;
				CLANG_WARN_BLOCK_CAPTURE_AUTORELEASING = YES;
				CLANG_WARN_BOOL_CONVERSION = YES;
				CLANG_WARN_COMMA = YES;
				CLANG_WARN_CONSTANT_CONVERSION = YES;
				CLANG_WARN_DEPRECATED_OBJC_IMPLEMENTATIONS = YES;
				CLANG_WARN_DIRECT_OBJC_ISA_USAGE = YES_ERROR;
				CLANG_WARN_DOCUMENTATION_COMMENTS = YES;
				CLANG_WARN_EMPTY_BODY = YES;
				CLANG_WARN_ENUM_CONVERSION = YES;
				CLANG_WARN_INFINITE_RECURSION = YES;
				CLANG_WARN_INT_CONVERSION = YES;
				CLANG_WARN_NON_LITERAL_NULL_CONVERSION = YES;
				CLANG_WARN_OBJC_IMPLICIT_RETAIN_SELF = YES;
				CLANG_WARN_OBJC_LITERAL_CONVERSION = YES;
				CLANG_WARN_OBJC_ROOT_CLASS = YES_ERROR;
				CLANG_WARN_QUOTED_INCLUDE_IN_FRAMEWORK_HEADER = YES;
				CLANG_WARN_RANGE_LOOP_ANALYSIS = YES;
				CLANG_WARN_STRICT_PROTOTYPES = YES;
				CLANG_WARN_SUSPICIOUS_MOVE = YES;
				CLANG_WARN_UNGUARDED_AVAILABILITY = YES_AGGRESSIVE;
				CLANG_WARN_UNREACHABLE_CODE = YES;
				CLANG_WARN__DUPLICATE_METHOD_MATCH = YES;
				COPY_PHASE_STRIP = NO;
				DEBUG_INFORMATION_FORMAT = "dwarf-with-dsym";
				ENABLE_NS_ASSERTIONS = NO;
				ENABLE_STRICT_OBJC_MSGSEND = YES;
				ENABLE_USER_SCRIPT_SANDBOXING = YES;
				GCC_C_LANGUAGE_STANDARD = gnu17;
				GCC_NO_COMMON_BLOCKS = YES;
				GCC_WARN_64_TO_32_BIT_CONVERSION = YES;
				GCC_WARN_ABOUT_RETURN_TYPE = YES_ERROR;
				GCC_WARN_UNDECLARED_SELECTOR = YES;
				GCC_WARN_UNINITIALIZED_AUTOS = YES_AGGRESSIVE;
				GCC_WARN_UNUSED_FUNCTION = YES;
				GCC_WARN_UNUSED_VARIABLE = YES;
				IPHONEOS_DEPLOYMENT_TARGET = 26.1;
				LOCALIZATION_PREFERS_STRING_CATALOGS = YES;
				MTL_ENABLE_DEBUG_INFO = NO;
				MTL_FAST_MATH = YES;
				SDKROOT = iphoneos;
				SWIFT_COMPILATION_MODE = wholemodule;
				VALIDATE_PRODUCT = YES;
			};
			name = Release;
		};
		708F57FF3003C653008DF433 /* Debug */ = {
			isa = XCBuildConfiguration;
			buildSettings = {
				ASSETCATALOG_COMPILER_APPICON_NAME = AppIcon;
				ASSETCATALOG_COMPILER_GLOBAL_ACCENT_COLOR_NAME = AccentColor;
				CODE_SIGN_ENTITLEMENTS = GAMSS/GAMSS.entitlements;
				CODE_SIGN_STYLE = Automatic;
				CURRENT_PROJECT_VERSION = 1;
				DEVELOPMENT_TEAM = 2KAH6SCW4S;
				ENABLE_PREVIEWS = YES;
				GENERATE_INFOPLIST_FILE = YES;
				INFOPLIST_FILE = GAMSS/Info.plist;
				INFOPLIST_KEY_UIApplicationSceneManifest_Generation = YES;
				INFOPLIST_KEY_UIApplicationSupportsIndirectInputEvents = YES;
				INFOPLIST_KEY_UILaunchScreen_Generation = YES;
				INFOPLIST_KEY_UISupportedInterfaceOrientations_iPad = "UIInterfaceOrientationPortrait UIInterfaceOrientationPortraitUpsideDown UIInterfaceOrientationLandscapeLeft UIInterfaceOrientationLandscapeRight";
				INFOPLIST_KEY_UISupportedInterfaceOrientations_iPhone = "UIInterfaceOrientationPortrait UIInterfaceOrientationLandscapeLeft UIInterfaceOrientationLandscapeRight";
				IPHONEOS_DEPLOYMENT_TARGET = 18.1;
				LD_RUNPATH_SEARCH_PATHS = (
					"$(inherited)",
					"@executable_path/Frameworks",
				);
				MARKETING_VERSION = 1.0;
				OTHER_LDFLAGS = "-Objc";
				PRODUCT_BUNDLE_IDENTIFIER = com.nexters.gamss;
				PRODUCT_NAME = "$(TARGET_NAME)";
				STRING_CATALOG_GENERATE_SYMBOLS = YES;
				SWIFT_APPROACHABLE_CONCURRENCY = YES;
				SWIFT_DEFAULT_ACTOR_ISOLATION = nonisolated;
				SWIFT_EMIT_LOC_STRINGS = YES;
				SWIFT_UPCOMING_FEATURE_MEMBER_IMPORT_VISIBILITY = YES;
				SWIFT_VERSION = 5.0;
				TARGETED_DEVICE_FAMILY = "1,2";
			};
			name = Debug;
		};
		708F58003003C653008DF433 /* Release */ = {
			isa = XCBuildConfiguration;
			buildSettings = {
				ASSETCATALOG_COMPILER_APPICON_NAME = AppIcon;
				ASSETCATALOG_COMPILER_GLOBAL_ACCENT_COLOR_NAME = AccentColor;
				CODE_SIGN_ENTITLEMENTS = GAMSS/GAMSS.entitlements;
				CODE_SIGN_STYLE = Automatic;
				CURRENT_PROJECT_VERSION = 1;
				DEVELOPMENT_TEAM = 2KAH6SCW4S;
				ENABLE_PREVIEWS = YES;
				GENERATE_INFOPLIST_FILE = YES;
				INFOPLIST_FILE = GAMSS/Info.plist;
				INFOPLIST_KEY_UIApplicationSceneManifest_Generation = YES;
				INFOPLIST_KEY_UIApplicationSupportsIndirectInputEvents = YES;
				INFOPLIST_KEY_UILaunchScreen_Generation = YES;
				INFOPLIST_KEY_UISupportedInterfaceOrientations_iPad = "UIInterfaceOrientationPortrait UIInterfaceOrientationPortraitUpsideDown UIInterfaceOrientationLandscapeLeft UIInterfaceOrientationLandscapeRight";
				INFOPLIST_KEY_UISupportedInterfaceOrientations_iPhone = "UIInterfaceOrientationPortrait UIInterfaceOrientationLandscapeLeft UIInterfaceOrientationLandscapeRight";
				IPHONEOS_DEPLOYMENT_TARGET = 18.1;
				LD_RUNPATH_SEARCH_PATHS = (
					"$(inherited)",
					"@executable_path/Frameworks",
				);
				MARKETING_VERSION = 1.0;
				OTHER_LDFLAGS = "-Objc";
				PRODUCT_BUNDLE_IDENTIFIER = com.nexters.gamss;
				PRODUCT_NAME = "$(TARGET_NAME)";
				STRING_CATALOG_GENERATE_SYMBOLS = YES;
				SWIFT_APPROACHABLE_CONCURRENCY = YES;
				SWIFT_DEFAULT_ACTOR_ISOLATION = nonisolated;
				SWIFT_EMIT_LOC_STRINGS = YES;
				SWIFT_UPCOMING_FEATURE_MEMBER_IMPORT_VISIBILITY = YES;
				SWIFT_VERSION = 5.0;
				TARGETED_DEVICE_FAMILY = "1,2";
			};
			name = Release;
		};
		8A305D6E137D5FF38853FE59 /* Debug */ = {
			isa = XCBuildConfiguration;
			buildSettings = {
				BUNDLE_LOADER = "$(TEST_HOST)";
				CLANG_ENABLE_OBJC_WEAK = NO;
				GENERATE_INFOPLIST_FILE = YES;
				IPHONEOS_DEPLOYMENT_TARGET = 18.1;
				PRODUCT_BUNDLE_IDENTIFIER = com.nexters.gamss.Tests;
				PRODUCT_NAME = "$(TARGET_NAME)";
				SDKROOT = iphoneos;
				SWIFT_VERSION = 5.0;
				TEST_HOST = "$(BUILT_PRODUCTS_DIR)/GAMSS.app/GAMSS";
			};
			name = Debug;
		};
		AE0A9E514EEAD6687005E404 /* Release */ = {
			isa = XCBuildConfiguration;
			buildSettings = {
				BUNDLE_LOADER = "$(TEST_HOST)";
				CLANG_ENABLE_OBJC_WEAK = NO;
				GENERATE_INFOPLIST_FILE = YES;
				IPHONEOS_DEPLOYMENT_TARGET = 18.1;
				PRODUCT_BUNDLE_IDENTIFIER = com.nexters.gamss.Tests;
				PRODUCT_NAME = "$(TARGET_NAME)";
				SDKROOT = iphoneos;
				SWIFT_VERSION = 5.0;
				TEST_HOST = "$(BUILT_PRODUCTS_DIR)/GAMSS.app/GAMSS";
				VALIDATE_PRODUCT = YES;
			};
			name = Release;
		};
/* End XCBuildConfiguration section */

/* Begin XCConfigurationList section */
		559AE3680766F85989277C9D /* Build configuration list for PBXNativeTarget "GAMSSTests" */ = {
			isa = XCConfigurationList;
			buildConfigurations = (
				AE0A9E514EEAD6687005E404 /* Release */,
				8A305D6E137D5FF38853FE59 /* Debug */,
			);
			defaultConfigurationIsVisible = 0;
			defaultConfigurationName = Release;
		};
		708F57EE3003C651008DF433 /* Build configuration list for PBXProject "GAMSS" */ = {
			isa = XCConfigurationList;
			buildConfigurations = (
				708F57FC3003C653008DF433 /* Debug */,
				708F57FD3003C653008DF433 /* Release */,
			);
			defaultConfigurationIsVisible = 0;
			defaultConfigurationName = Release;
		};
		708F57FE3003C653008DF433 /* Build configuration list for PBXNativeTarget "GAMSS" */ = {
			isa = XCConfigurationList;
			buildConfigurations = (
				708F57FF3003C653008DF433 /* Debug */,
				708F58003003C653008DF433 /* Release */,
			);
			defaultConfigurationIsVisible = 0;
			defaultConfigurationName = Release;
		};
/* End XCConfigurationList section */

/* Begin XCRemoteSwiftPackageReference section */
		1D962D6FF84B1C7ED5A40445 /* XCRemoteSwiftPackageReference "swift-transformers" */ = {
			isa = XCRemoteSwiftPackageReference;
			repositoryURL = "https://github.com/huggingface/swift-transformers";
			requirement = {
				kind = upToNextMajorVersion;
				minimumVersion = 1.3.0;
			};
		};
		70248D83300794C800857369 /* XCRemoteSwiftPackageReference "firebase-ios-sdk" */ = {
			isa = XCRemoteSwiftPackageReference;
			repositoryURL = "https://github.com/firebase/firebase-ios-sdk";
			requirement = {
				kind = upToNextMajorVersion;
				minimumVersion = 12.16.0;
			};
		};
/* End XCRemoteSwiftPackageReference section */

/* Begin XCSwiftPackageProductDependency section */
		4F92A4F86371ED0E8E85D78F /* Tokenizers */ = {
			isa = XCSwiftPackageProductDependency;
			package = 1D962D6FF84B1C7ED5A40445 /* XCRemoteSwiftPackageReference "swift-transformers" */;
			productName = Tokenizers;
		};
		70248D84300794C800857369 /* FirebaseCrashlytics */ = {
			isa = XCSwiftPackageProductDependency;
			package = 70248D83300794C800857369 /* XCRemoteSwiftPackageReference "firebase-ios-sdk" */;
			productName = FirebaseCrashlytics;
		};
		70248DCC300D429100857369 /* FirebaseAuth */ = {
			isa = XCSwiftPackageProductDependency;
			package = 70248D83300794C800857369 /* XCRemoteSwiftPackageReference "firebase-ios-sdk" */;
			productName = FirebaseAuth;
		};
		8E8487F478AF703D394C5EB6 /* Tokenizers */ = {
			isa = XCSwiftPackageProductDependency;
			package = 1D962D6FF84B1C7ED5A40445 /* XCRemoteSwiftPackageReference "swift-transformers" */;
			productName = Tokenizers;
		};
/* End XCSwiftPackageProductDependency section */
	};
	rootObject = 708F57EB3003C651008DF433 /* Project object */;
}
